
Microsoft Visual Studio Solution File, Format Version 12.00
# Visual Studio Version 16
VisualStudioVersion = 16.0.32510.428
MinimumVisualStudioVersion = 10.0.40219.1
Project("{FAE04EC0-301F-11D3-BF4B-00C04F79EFBC}") = "VisualStudioStep93", "VisualStudioStep93\VisualStudioStep93.csproj", "{619125FD-CD90-42A7-94BC-75821E7100BB}"
EndProject
Global
	GlobalSection(SolutionConfigurationPlatforms) = preSolution
		Debug|Any CPU = Debug|Any CPU
		Release|Any CPU = Release|Any CPU
	EndGlobalSection
	GlobalSection(ProjectConfigurationPlatforms) = postSolution
		{619125FD-CD90-42A7-94BC-75821E7100BB}.Debug|Any CPU.ActiveCfg = Debug|Any CPU
		{619125FD-CD90-42A7-94BC-75821E7100BB}.Debug|Any CPU.Build.0 = Debug|Any CPU
		{619125FD-CD90-42A7-94BC-75821E7100BB}.Release|Any CPU.ActiveCfg = Release|Any CPU
		{619125FD-CD90-42A7-94BC-75821E7100BB}.Release|Any CPU.Build.0 = Release|Any CPU
	EndGlobalSection
	GlobalSection(SolutionProperties) = preSolution
		HideSolutionNode = FALSE
	EndGlobalSection
	GlobalSection(ExtensibilityGlobals) = postSolution
		SolutionGuid = {57119B1A-BDA2-404B-812E-33450E0CD16D}
	EndGlobalSection
EndGlobal
